
Microsoft Visual Studio Solution File, Format Version 12.00
# Visual Studio 2015
Project("{FAE04EC0-301F-11D3-BF4B-00C04F79EFBC}") = "BallSpawn.CSharp", "BallSpawn.CSharp.csproj", "{39462A02-AFF6-C67B-5934-FFAD23310DA7}"
EndProject
Global
	GlobalSection(SolutionConfigurationPlatforms) = preSolution
		Debug|Any CPU = Debug|Any CPU
		Release|Any CPU = Release|Any CPU
	EndGlobalSection
	GlobalSection(ProjectConfigurationPlatforms) = postSolution
		{39462A02-AFF6-C67B-5934-FFAD23310DA7}.Debug|Any CPU.ActiveCfg = Debug|Any CPU
		{39462A02-AFF6-C67B-5934-FFAD23310DA7}.Debug|Any CPU.Build.0 = Debug|Any CPU
		{39462A02-AFF6-C67B-5934-FFAD23310DA7}.Release|Any CPU.ActiveCfg = Release|Any CPU
		{39462A02-AFF6-C67B-5934-FFAD23310DA7}.Release|Any CPU.Build.0 = Release|Any CPU
	EndGlobalSection
	GlobalSection(SolutionProperties) = preSolution
		HideSolutionNode = FALSE
	EndGlobalSection
EndGlobal
