Microsoft Visual Studio Solution File, Format Version 11.00
# Visual Studio 2008

Project("{6F149887-F8F6-35F6-08C8-6DA739F9B665}") = "SummerGameDev", "Assembly-CSharp.csproj", "{76722543-4BB5-4581-E825-5C471EA0CE57}"
EndProject
Global
	GlobalSection(SolutionConfigurationPlatforms) = preSolution
		Debug|Any CPU = Debug|Any CPU
		Release|Any CPU = Release|Any CPU
	EndGlobalSection
	GlobalSection(ProjectConfigurationPlatforms) = postSolution
		{76722543-4BB5-4581-E825-5C471EA0CE57}.Debug|Any CPU.ActiveCfg = Debug|Any CPU
		{76722543-4BB5-4581-E825-5C471EA0CE57}.Debug|Any CPU.Build.0 = Debug|Any CPU
		{76722543-4BB5-4581-E825-5C471EA0CE57}.Release|Any CPU.ActiveCfg = Release|Any CPU
		{76722543-4BB5-4581-E825-5C471EA0CE57}.Release|Any CPU.Build.0 = Release|Any CPU
	EndGlobalSection
	GlobalSection(SolutionProperties) = preSolution
		HideSolutionNode = FALSE
	EndGlobalSection
	GlobalSection(MonoDevelopProperties) = preSolution
		StartupItem = Assembly-CSharp.csproj
	EndGlobalSection
EndGlobal
